
Microsoft Visual Studio Solution File, Format Version 12.00
# Visual Studio 15
VisualStudioVersion = 15.0.28307.271
MinimumVisualStudioVersion = 10.0.40219.1
Project("{F184B08F-C81C-45F6-A57F-5ABD9991F28F}") = "Ch9YouDoIt5", "Ch9YouDoIt5\Ch9YouDoIt5.vbproj", "{C84EC42A-C66E-4F3F-8E20-BC0938959E4F}"
EndProject
Global
	GlobalSection(SolutionConfigurationPlatforms) = preSolution
		Debug|Any CPU = Debug|Any CPU
		Release|Any CPU = Release|Any CPU
	EndGlobalSection
	GlobalSection(ProjectConfigurationPlatforms) = postSolution
		{C84EC42A-C66E-4F3F-8E20-BC0938959E4F}.Debug|Any CPU.ActiveCfg = Debug|Any CPU
		{C84EC42A-C66E-4F3F-8E20-BC0938959E4F}.Debug|Any CPU.Build.0 = Debug|Any CPU
		{C84EC42A-C66E-4F3F-8E20-BC0938959E4F}.Release|Any CPU.ActiveCfg = Release|Any CPU
		{C84EC42A-C66E-4F3F-8E20-BC0938959E4F}.Release|Any CPU.Build.0 = Release|Any CPU
	EndGlobalSection
	GlobalSection(SolutionProperties) = preSolution
		HideSolutionNode = FALSE
	EndGlobalSection
	GlobalSection(ExtensibilityGlobals) = postSolution
		SolutionGuid = {D915E90B-C76E-4390-8833-5DDA7A2081C9}
	EndGlobalSection
EndGlobal
