
Microsoft Visual Studio Solution File, Format Version 12.00
# Visual Studio 15
VisualStudioVersion = 15.0.28307.271
MinimumVisualStudioVersion = 10.0.40219.1
Project("{F184B08F-C81C-45F6-A57F-5ABD9991F28F}") = "Ch8YouDoIt4", "Ch8YouDoIt4\Ch8YouDoIt4.vbproj", "{0478F4BE-9D73-470A-8943-65D960EAE661}"
EndProject
Global
	GlobalSection(SolutionConfigurationPlatforms) = preSolution
		Debug|Any CPU = Debug|Any CPU
		Release|Any CPU = Release|Any CPU
	EndGlobalSection
	GlobalSection(ProjectConfigurationPlatforms) = postSolution
		{0478F4BE-9D73-470A-8943-65D960EAE661}.Debug|Any CPU.ActiveCfg = Debug|Any CPU
		{0478F4BE-9D73-470A-8943-65D960EAE661}.Debug|Any CPU.Build.0 = Debug|Any CPU
		{0478F4BE-9D73-470A-8943-65D960EAE661}.Release|Any CPU.ActiveCfg = Release|Any CPU
		{0478F4BE-9D73-470A-8943-65D960EAE661}.Release|Any CPU.Build.0 = Release|Any CPU
	EndGlobalSection
	GlobalSection(SolutionProperties) = preSolution
		HideSolutionNode = FALSE
	EndGlobalSection
	GlobalSection(ExtensibilityGlobals) = postSolution
		SolutionGuid = {920B388F-EE00-40A0-984B-C6A6F61E216D}
	EndGlobalSection
EndGlobal
