
Microsoft Visual Studio Solution File, Format Version 12.00
# Visual Studio 2012
Project("{F184B08F-C81C-45F6-A57F-5ABD9991F28F}") = "Covington Resort Project", "Covington Resort Project\Covington Resort Project.vbproj", "{277AAA6D-B7CC-4EA3-97CB-50A8B11658B5}"
EndProject
Global
	GlobalSection(SolutionConfigurationPlatforms) = preSolution
		Debug|Any CPU = Debug|Any CPU
		Release|Any CPU = Release|Any CPU
	EndGlobalSection
	GlobalSection(ProjectConfigurationPlatforms) = postSolution
		{277AAA6D-B7CC-4EA3-97CB-50A8B11658B5}.Debug|Any CPU.ActiveCfg = Debug|Any CPU
		{277AAA6D-B7CC-4EA3-97CB-50A8B11658B5}.Debug|Any CPU.Build.0 = Debug|Any CPU
		{277AAA6D-B7CC-4EA3-97CB-50A8B11658B5}.Release|Any CPU.ActiveCfg = Release|Any CPU
		{277AAA6D-B7CC-4EA3-97CB-50A8B11658B5}.Release|Any CPU.Build.0 = Release|Any CPU
	EndGlobalSection
	GlobalSection(SolutionProperties) = preSolution
		HideSolutionNode = FALSE
	EndGlobalSection
EndGlobal
