
Microsoft Visual Studio Solution File, Format Version 12.00
# Visual Studio 2012
Project("{F184B08F-C81C-45F6-A57F-5ABD9991F28F}") = "Months Project", "Months Project\Months Project.vbproj", "{DD089FB5-880A-4695-8A2E-B625157EACE3}"
EndProject
Global
	GlobalSection(SolutionConfigurationPlatforms) = preSolution
		Debug|Any CPU = Debug|Any CPU
		Release|Any CPU = Release|Any CPU
	EndGlobalSection
	GlobalSection(ProjectConfigurationPlatforms) = postSolution
		{DD089FB5-880A-4695-8A2E-B625157EACE3}.Debug|Any CPU.ActiveCfg = Debug|Any CPU
		{DD089FB5-880A-4695-8A2E-B625157EACE3}.Debug|Any CPU.Build.0 = Debug|Any CPU
		{DD089FB5-880A-4695-8A2E-B625157EACE3}.Release|Any CPU.ActiveCfg = Release|Any CPU
		{DD089FB5-880A-4695-8A2E-B625157EACE3}.Release|Any CPU.Build.0 = Release|Any CPU
	EndGlobalSection
	GlobalSection(SolutionProperties) = preSolution
		HideSolutionNode = FALSE
	EndGlobalSection
EndGlobal
