
Microsoft Visual Studio Solution File, Format Version 12.00
# Visual Studio 2012
Project("{F184B08F-C81C-45F6-A57F-5ABD9991F28F}") = "Proper Case Project", "Proper Case Project\Proper Case Project.vbproj", "{EA7A876C-A2AB-45C0-B955-8B5F2477F917}"
EndProject
Global
	GlobalSection(SolutionConfigurationPlatforms) = preSolution
		Debug|Any CPU = Debug|Any CPU
		Release|Any CPU = Release|Any CPU
	EndGlobalSection
	GlobalSection(ProjectConfigurationPlatforms) = postSolution
		{EA7A876C-A2AB-45C0-B955-8B5F2477F917}.Debug|Any CPU.ActiveCfg = Debug|Any CPU
		{EA7A876C-A2AB-45C0-B955-8B5F2477F917}.Debug|Any CPU.Build.0 = Debug|Any CPU
		{EA7A876C-A2AB-45C0-B955-8B5F2477F917}.Release|Any CPU.ActiveCfg = Release|Any CPU
		{EA7A876C-A2AB-45C0-B955-8B5F2477F917}.Release|Any CPU.Build.0 = Release|Any CPU
	EndGlobalSection
	GlobalSection(SolutionProperties) = preSolution
		HideSolutionNode = FALSE
	EndGlobalSection
EndGlobal
