
Microsoft Visual Studio Solution File, Format Version 12.00
# Visual Studio 15
VisualStudioVersion = 15.0.28307.271
MinimumVisualStudioVersion = 10.0.40219.1
Project("{F184B08F-C81C-45F6-A57F-5ABD9991F28F}") = "PalindromeTest", "PalindromeTest\PalindromeTest.vbproj", "{6F1CFBA1-53B2-4DE0-85FF-4E8FF55E3013}"
EndProject
Global
	GlobalSection(SolutionConfigurationPlatforms) = preSolution
		Debug|Any CPU = Debug|Any CPU
		Release|Any CPU = Release|Any CPU
	EndGlobalSection
	GlobalSection(ProjectConfigurationPlatforms) = postSolution
		{6F1CFBA1-53B2-4DE0-85FF-4E8FF55E3013}.Debug|Any CPU.ActiveCfg = Debug|Any CPU
		{6F1CFBA1-53B2-4DE0-85FF-4E8FF55E3013}.Debug|Any CPU.Build.0 = Debug|Any CPU
		{6F1CFBA1-53B2-4DE0-85FF-4E8FF55E3013}.Release|Any CPU.ActiveCfg = Release|Any CPU
		{6F1CFBA1-53B2-4DE0-85FF-4E8FF55E3013}.Release|Any CPU.Build.0 = Release|Any CPU
	EndGlobalSection
	GlobalSection(SolutionProperties) = preSolution
		HideSolutionNode = FALSE
	EndGlobalSection
	GlobalSection(ExtensibilityGlobals) = postSolution
		SolutionGuid = {151EBD28-3906-4394-A2D4-84C950326A62}
	EndGlobalSection
EndGlobal
