
Microsoft Visual Studio Solution File, Format Version 12.00
# Visual Studio 2012
Project("{F184B08F-C81C-45F6-A57F-5ABD9991F28F}") = "Bonus Project", "Bonus Project\Bonus Project.vbproj", "{23E4BC15-E5A2-47F2-9D6B-7F20C0140334}"
EndProject
Global
	GlobalSection(SolutionConfigurationPlatforms) = preSolution
		Debug|Any CPU = Debug|Any CPU
		Release|Any CPU = Release|Any CPU
	EndGlobalSection
	GlobalSection(ProjectConfigurationPlatforms) = postSolution
		{23E4BC15-E5A2-47F2-9D6B-7F20C0140334}.Debug|Any CPU.ActiveCfg = Debug|Any CPU
		{23E4BC15-E5A2-47F2-9D6B-7F20C0140334}.Debug|Any CPU.Build.0 = Debug|Any CPU
		{23E4BC15-E5A2-47F2-9D6B-7F20C0140334}.Release|Any CPU.ActiveCfg = Release|Any CPU
		{23E4BC15-E5A2-47F2-9D6B-7F20C0140334}.Release|Any CPU.Build.0 = Release|Any CPU
	EndGlobalSection
	GlobalSection(SolutionProperties) = preSolution
		HideSolutionNode = FALSE
	EndGlobalSection
EndGlobal
