
Microsoft Visual Studio Solution File, Format Version 12.00
# Visual Studio 15
VisualStudioVersion = 15.0.28307.271
MinimumVisualStudioVersion = 10.0.40219.1
Project("{F184B08F-C81C-45F6-A57F-5ABD9991F28F}") = "Huntington Motors", "Huntington Motors\Huntington Motors.vbproj", "{27252300-D9F0-4C4A-AC17-1946E017015E}"
EndProject
Global
	GlobalSection(SolutionConfigurationPlatforms) = preSolution
		Debug|Any CPU = Debug|Any CPU
		Release|Any CPU = Release|Any CPU
	EndGlobalSection
	GlobalSection(ProjectConfigurationPlatforms) = postSolution
		{27252300-D9F0-4C4A-AC17-1946E017015E}.Debug|Any CPU.ActiveCfg = Debug|Any CPU
		{27252300-D9F0-4C4A-AC17-1946E017015E}.Debug|Any CPU.Build.0 = Debug|Any CPU
		{27252300-D9F0-4C4A-AC17-1946E017015E}.Release|Any CPU.ActiveCfg = Release|Any CPU
		{27252300-D9F0-4C4A-AC17-1946E017015E}.Release|Any CPU.Build.0 = Release|Any CPU
	EndGlobalSection
	GlobalSection(SolutionProperties) = preSolution
		HideSolutionNode = FALSE
	EndGlobalSection
	GlobalSection(ExtensibilityGlobals) = postSolution
		SolutionGuid = {AAA5B6D0-5AB5-453F-9D1C-D498615C8E4A}
	EndGlobalSection
EndGlobal
