
Microsoft Visual Studio Solution File, Format Version 12.00
# Visual Studio 2012
Project("{F184B08F-C81C-45F6-A57F-5ABD9991F28F}") = "Test Scores Project", "Test Scores Project\Test Scores Project.vbproj", "{914768BA-915E-40D4-851F-72ED881FA348}"
EndProject
Global
	GlobalSection(SolutionConfigurationPlatforms) = preSolution
		Debug|Any CPU = Debug|Any CPU
		Release|Any CPU = Release|Any CPU
	EndGlobalSection
	GlobalSection(ProjectConfigurationPlatforms) = postSolution
		{914768BA-915E-40D4-851F-72ED881FA348}.Debug|Any CPU.ActiveCfg = Debug|Any CPU
		{914768BA-915E-40D4-851F-72ED881FA348}.Debug|Any CPU.Build.0 = Debug|Any CPU
		{914768BA-915E-40D4-851F-72ED881FA348}.Release|Any CPU.ActiveCfg = Release|Any CPU
		{914768BA-915E-40D4-851F-72ED881FA348}.Release|Any CPU.Build.0 = Release|Any CPU
	EndGlobalSection
	GlobalSection(SolutionProperties) = preSolution
		HideSolutionNode = FALSE
	EndGlobalSection
EndGlobal
