
Microsoft Visual Studio Solution File, Format Version 12.00
# Visual Studio 2012
Project("{F184B08F-C81C-45F6-A57F-5ABD9991F28F}") = "Rate Project", "Rate Project\Rate Project.vbproj", "{CF60400B-3309-4357-AF5C-12BCECE8FF37}"
EndProject
Global
	GlobalSection(SolutionConfigurationPlatforms) = preSolution
		Debug|Any CPU = Debug|Any CPU
		Release|Any CPU = Release|Any CPU
	EndGlobalSection
	GlobalSection(ProjectConfigurationPlatforms) = postSolution
		{CF60400B-3309-4357-AF5C-12BCECE8FF37}.Debug|Any CPU.ActiveCfg = Debug|Any CPU
		{CF60400B-3309-4357-AF5C-12BCECE8FF37}.Debug|Any CPU.Build.0 = Debug|Any CPU
		{CF60400B-3309-4357-AF5C-12BCECE8FF37}.Release|Any CPU.ActiveCfg = Release|Any CPU
		{CF60400B-3309-4357-AF5C-12BCECE8FF37}.Release|Any CPU.Build.0 = Release|Any CPU
	EndGlobalSection
	GlobalSection(SolutionProperties) = preSolution
		HideSolutionNode = FALSE
	EndGlobalSection
EndGlobal
