
Microsoft Visual Studio Solution File, Format Version 12.00
# Visual Studio 2012
Project("{F184B08F-C81C-45F6-A57F-5ABD9991F28F}") = "Commission Project", "Commission Project\Commission Project.vbproj", "{D97DAA44-164E-4FD7-86B4-F0F9F1F16BD2}"
EndProject
Global
	GlobalSection(SolutionConfigurationPlatforms) = preSolution
		Debug|Any CPU = Debug|Any CPU
		Release|Any CPU = Release|Any CPU
	EndGlobalSection
	GlobalSection(ProjectConfigurationPlatforms) = postSolution
		{D97DAA44-164E-4FD7-86B4-F0F9F1F16BD2}.Debug|Any CPU.ActiveCfg = Debug|Any CPU
		{D97DAA44-164E-4FD7-86B4-F0F9F1F16BD2}.Debug|Any CPU.Build.0 = Debug|Any CPU
		{D97DAA44-164E-4FD7-86B4-F0F9F1F16BD2}.Release|Any CPU.ActiveCfg = Release|Any CPU
		{D97DAA44-164E-4FD7-86B4-F0F9F1F16BD2}.Release|Any CPU.Build.0 = Release|Any CPU
	EndGlobalSection
	GlobalSection(SolutionProperties) = preSolution
		HideSolutionNode = FALSE
	EndGlobalSection
EndGlobal
