
Microsoft Visual Studio Solution File, Format Version 12.00
# Visual Studio 15
VisualStudioVersion = 15.0.28307.271
MinimumVisualStudioVersion = 10.0.40219.1
Project("{F184B08F-C81C-45F6-A57F-5ABD9991F28F}") = "CH8YouDoIt3", "CH8YouDoIt3\CH8YouDoIt3.vbproj", "{B27DD7C9-EAB0-4BEE-9C9A-0986028D5E60}"
EndProject
Global
	GlobalSection(SolutionConfigurationPlatforms) = preSolution
		Debug|Any CPU = Debug|Any CPU
		Release|Any CPU = Release|Any CPU
	EndGlobalSection
	GlobalSection(ProjectConfigurationPlatforms) = postSolution
		{B27DD7C9-EAB0-4BEE-9C9A-0986028D5E60}.Debug|Any CPU.ActiveCfg = Debug|Any CPU
		{B27DD7C9-EAB0-4BEE-9C9A-0986028D5E60}.Debug|Any CPU.Build.0 = Debug|Any CPU
		{B27DD7C9-EAB0-4BEE-9C9A-0986028D5E60}.Release|Any CPU.ActiveCfg = Release|Any CPU
		{B27DD7C9-EAB0-4BEE-9C9A-0986028D5E60}.Release|Any CPU.Build.0 = Release|Any CPU
	EndGlobalSection
	GlobalSection(SolutionProperties) = preSolution
		HideSolutionNode = FALSE
	EndGlobalSection
	GlobalSection(ExtensibilityGlobals) = postSolution
		SolutionGuid = {8200E644-2264-4AAC-9CDC-BAF1EA9A416D}
	EndGlobalSection
EndGlobal
