
Microsoft Visual Studio Solution File, Format Version 12.00
# Visual Studio 15
VisualStudioVersion = 15.0.28307.271
MinimumVisualStudioVersion = 10.0.40219.1
Project("{F184B08F-C81C-45F6-A57F-5ABD9991F28F}") = "CH7YouDoIt2Project", "CH7YouDoIt2Project\CH7YouDoIt2Project.vbproj", "{97C5FFFB-1266-4F26-A3D8-77D44CE28DB9}"
EndProject
Global
	GlobalSection(SolutionConfigurationPlatforms) = preSolution
		Debug|Any CPU = Debug|Any CPU
		Release|Any CPU = Release|Any CPU
	EndGlobalSection
	GlobalSection(ProjectConfigurationPlatforms) = postSolution
		{97C5FFFB-1266-4F26-A3D8-77D44CE28DB9}.Debug|Any CPU.ActiveCfg = Debug|Any CPU
		{97C5FFFB-1266-4F26-A3D8-77D44CE28DB9}.Debug|Any CPU.Build.0 = Debug|Any CPU
		{97C5FFFB-1266-4F26-A3D8-77D44CE28DB9}.Release|Any CPU.ActiveCfg = Release|Any CPU
		{97C5FFFB-1266-4F26-A3D8-77D44CE28DB9}.Release|Any CPU.Build.0 = Release|Any CPU
	EndGlobalSection
	GlobalSection(SolutionProperties) = preSolution
		HideSolutionNode = FALSE
	EndGlobalSection
	GlobalSection(ExtensibilityGlobals) = postSolution
		SolutionGuid = {B5A3796D-FDC1-4C54-BA15-97C645365FDF}
	EndGlobalSection
EndGlobal
