
Microsoft Visual Studio Solution File, Format Version 12.00
# Visual Studio 15
VisualStudioVersion = 15.0.28307.271
MinimumVisualStudioVersion = 10.0.40219.1
Project("{F184B08F-C81C-45F6-A57F-5ABD9991F28F}") = "SonheimProject", "SonheimProject\SonheimProject.vbproj", "{A6CF4E5D-8AC0-431E-BD9C-C7DB6A031903}"
EndProject
Global
	GlobalSection(SolutionConfigurationPlatforms) = preSolution
		Debug|Any CPU = Debug|Any CPU
		Release|Any CPU = Release|Any CPU
	EndGlobalSection
	GlobalSection(ProjectConfigurationPlatforms) = postSolution
		{A6CF4E5D-8AC0-431E-BD9C-C7DB6A031903}.Debug|Any CPU.ActiveCfg = Debug|Any CPU
		{A6CF4E5D-8AC0-431E-BD9C-C7DB6A031903}.Debug|Any CPU.Build.0 = Debug|Any CPU
		{A6CF4E5D-8AC0-431E-BD9C-C7DB6A031903}.Release|Any CPU.ActiveCfg = Release|Any CPU
		{A6CF4E5D-8AC0-431E-BD9C-C7DB6A031903}.Release|Any CPU.Build.0 = Release|Any CPU
	EndGlobalSection
	GlobalSection(SolutionProperties) = preSolution
		HideSolutionNode = FALSE
	EndGlobalSection
	GlobalSection(ExtensibilityGlobals) = postSolution
		SolutionGuid = {48CB2224-39D1-4BF1-94FA-96E1C6A965A5}
	EndGlobalSection
EndGlobal
